// !$*UTF8*$!
{
	archiveVersion = 1;
	classes = {
	};
	objectVersion = 77;
	objects = {

/* Begin PBXContainerItemProxy section */
		026CF2B12D92BAAD003D1AD6 /* PBXContainerItemProxy */ = {
			isa = PBXContainerItemProxy;
			containerPortal = 026CF28F2D92BAAA003D1AD6 /* Project object */;
			proxyType = 1;
			remoteGlobalIDString = 026CF2962D92BAAA003D1AD6;
			remoteInfo = MyTestApp;
		};
		026CF2BB2D92BAAD003D1AD6 /* PBXContainerItemProxy */ = {
			isa = PBXContainerItemProxy;
			containerPortal = 026CF28F2D92BAAA003D1AD6 /* Project object */;
			proxyType = 1;
			remoteGlobalIDString = 026CF2962D92BAAA003D1AD6;
			remoteInfo = MyTestApp;
		};
/* End PBXContainerItemProxy section */

/* Begin PBXFileReference section */
		026CF2972D92BAAA003D1AD6 /* MyTestApp.app */ = {isa = PBXFileReference; explicitFileType = wrapper.application; includeInIndex = 0; path = MyTestApp.app; sourceTree = BUILT_PRODUCTS_DIR; };
		026CF2B02D92BAAD003D1AD6 /* MyTestAppTests.xctest */ = {isa = PBXFileReference; explicitFileType = wrapper.cfbundle; includeInIndex = 0; path = MyTestAppTests.xctest; sourceTree = BUILT_PRODUCTS_DIR; };
		026CF2BA2D92BAAD003D1AD6 /* MyTestAppUITests.xctest */ = {isa = PBXFileReference; explicitFileType = wrapper.cfbundle; includeInIndex = 0; path = MyTestAppUITests.xctest; sourceTree = BUILT_PRODUCTS_DIR; };
/* End PBXFileReference section */

/* Begin PBXFileSystemSynchronizedBuildFileExceptionSet section */
		023106092D994ED00030818B /* Exceptions for "MyTestApp" folder in "MyTestApp" target */ = {
			isa = PBXFileSystemSynchronizedBuildFileExceptionSet;
			membershipExceptions = (
				Info.plist,
			);
			target = 026CF2962D92BAAA003D1AD6 /* MyTestApp */;
		};
/* End PBXFileSystemSynchronizedBuildFileExceptionSet section */

/* Begin PBXFileSystemSynchronizedRootGroup section */
		026CF2992D92BAAA003D1AD6 /* MyTestApp */ = {
			isa = PBXFileSystemSynchronizedRootGroup;
			exceptions = (
				023106092D994ED00030818B /* Exceptions for "MyTestApp" folder in "MyTestApp" target */,
			);
			path = MyTestApp;
			sourceTree = "<group>";
		};
		026CF2B32D92BAAD003D1AD6 /* MyTestAppTests */ = {
			isa = PBXFileSystemSynchronizedRootGroup;
			path = MyTestAppTests;
			sourceTree = "<group>";
		};
/* End PBXFileSystemSynchronizedRootGroup section */

/* Begin PBXFrameworksBuildPhase section */
		026CF2942D92BAAA003D1AD6 /* Frameworks */ = {
			isa = PBXFrameworksBuildPhase;
			buildActionMask = 2147483647;
			files = (
			);
			runOnlyForDeploymentPostprocessing = 0;
		};
		026CF2AD2D92BAAD003D1AD6 /* Frameworks */ = {
			isa = PBXFrameworksBuildPhase;
			buildActionMask = 2147483647;
			files = (
			);
			runOnlyForDeploymentPostprocessing = 0;
		};
		026CF2B72D92BAAD003D1AD6 /* Frameworks */ = {
			isa = PBXFrameworksBuildPhase;
			buildActionMask = 2147483647;
			files = (
			);
			runOnlyForDeploymentPostprocessing = 0;
		};
/* End PBXFrameworksBuildPhase section */

/* Begin PBXGroup section */
		026CF28E2D92BAAA003D1AD6 = {
			isa = PBXGroup;
			children = (
				026CF2992D92BAAA003D1AD6 /* MyTestApp */,
				026CF2B32D92BAAD003D1AD6 /* MyTestAppTests */,
				026CF2982D92BAAA003D1AD6 /* Products */,
			);
			sourceTree = "<group>";
		};
		026CF2982D92BAAA003D1AD6 /* Products */ = {
			isa = PBXGroup;
			children = (
				026CF2972D92BAAA003D1AD6 /* MyTestApp.app */,
				026CF2B02D92BAAD003D1AD6 /* MyTestAppTests.xctest */,
				026CF2BA2D92BAAD003D1AD6 /* MyTestAppUITests.xctest */,
			);
			name = Products;
			sourceTree = "<group>";
		};
/* End PBXGroup section */

/* Begin PBXNativeTarget section */
		026CF2962D92BAAA003D1AD6 /* MyTestApp */ = {
			isa = PBXNativeTarget;
			buildConfigurationList = 026CF2C32D92BAAD003D1AD6 /* Build configuration list for PBXNativeTarget "MyTestApp" */;
			buildPhases = (
				026CF2932D92BAAA003D1AD6 /* Sources */,
				026CF2942D92BAAA003D1AD6 /* Frameworks */,
				026CF2952D92BAAA003D1AD6 /* Resources */,
			);
			buildRules = (
			);
			dependencies = (
			);
			fileSystemSynchronizedGroups = (
				026CF2992D92BAAA003D1AD6 /* MyTestApp */,
			);
			name = MyTestApp;
			packageProductDependencies = (
			);
			productName = MyTestApp;
			productReference = 026CF2972D92BAAA003D1AD6 /* MyTestApp.app */;
			productType = "com.apple.product-type.application";
		};
		026CF2AF2D92BAAD003D1AD6 /* MyTestAppTests */ = {
			isa = PBXNativeTarget;
			buildConfigurationList = 026CF2C82D92BAAD003D1AD6 /* Build configuration list for PBXNativeTarget "MyTestAppTests" */;
			buildPhases = (
				026CF2AC2D92BAAD003D1AD6 /* Sources */,
				026CF2AD2D92BAAD003D1AD6 /* Frameworks */,
				026CF2AE2D92BAAD003D1AD6 /* Resources */,
			);
			buildRules = (
			);
			dependencies = (
				026CF2B22D92BAAD003D1AD6 /* PBXTargetDependency */,
			);
			fileSystemSynchronizedGroups = (
				026CF2B32D92BAAD003D1AD6 /* MyTestAppTests */,
			);
			name = MyTestAppTests;
			packageProductDependencies = (
			);
			productName = MyTestAppTests;
			productReference = 026CF2B02D92BAAD003D1AD6 /* MyTestAppTests.xctest */;
			productType = "com.apple.product-type.bundle.unit-test";
		};
		026CF2B92D92BAAD003D1AD6 /* MyTestAppUITests */ = {
			isa = PBXNativeTarget;
			buildConfigurationList = 026CF2CB2D92BAAD003D1AD6 /* Build configuration list for PBXNativeTarget "MyTestAppUITests" */;
			buildPhases = (
				026CF2B62D92BAAD003D1AD6 /* Sources */,
				026CF2B72D92BAAD003D1AD6 /* Frameworks */,
				026CF2B82D92BAAD003D1AD6 /* Resources */,
			);
			buildRules = (
			);
			dependencies = (
				026CF2BC2D92BAAD003D1AD6 /* PBXTargetDependency */,
			);
			name = MyTestAppUITests;
			packageProductDependencies = (
			);
			productName = MyTestAppUITests;
			productReference = 026CF2BA2D92BAAD003D1AD6 /* MyTestAppUITests.xctest */;
			productType = "com.apple.product-type.bundle.ui-testing";
		};
/* End PBXNativeTarget section */

/* Begin PBXProject section */
		026CF28F2D92BAAA003D1AD6 /* Project object */ = {
			isa = PBXProject;
			attributes = {
				BuildIndependentTargetsInParallel = 1;
				LastSwiftUpdateCheck = 1620;
				LastUpgradeCheck = 1620;
				TargetAttributes = {
					026CF2962D92BAAA003D1AD6 = {
						CreatedOnToolsVersion = 16.2;
					};
					026CF2AF2D92BAAD003D1AD6 = {
						CreatedOnToolsVersion = 16.2;
						TestTargetID = 026CF2962D92BAAA003D1AD6;
					};
					026CF2B92D92BAAD003D1AD6 = {
						CreatedOnToolsVersion = 16.2;
						TestTargetID = 026CF2962D92BAAA003D1AD6;
					};
				};
			};
			buildConfigurationList = 026CF2922D92BAAA003D1AD6 /* Build configuration list for PBXProject "MyTestApp" */;
			developmentRegion = en;
			hasScannedForEncodings = 0;
			knownRegions = (
				en,
				Base,
			);
			mainGroup = 026CF28E2D92BAAA003D1AD6;
			minimizedProjectReferenceProxies = 1;
			preferredProjectObjectVersion = 77;
			productRefGroup = 026CF2982D92BAAA003D1AD6 /* Products */;
			projectDirPath = "";
			projectRoot = "";
			targets = (
				026CF2962D92BAAA003D1AD6 /* MyTestApp */,
				026CF2AF2D92BAAD003D1AD6 /* MyTestAppTests */,
				026CF2B92D92BAAD003D1AD6 /* MyTestAppUITests */,
			);
		};
/* End PBXProject section */

/* Begin PBXResourcesBuildPhase section */
		026CF2952D92BAAA003D1AD6 /* Resources */ = {
			isa = PBXResourcesBuildPhase;
			buildActionMask = 2147483647;
			files = (
			);
			runOnlyForDeploymentPostprocessing = 0;
		};
		026CF2AE2D92BAAD003D1AD6 /* Resources */ = {
			isa = PBXResourcesBuildPhase;
			buildActionMask = 2147483647;
			files = (
			);
			runOnlyForDeploymentPostprocessing = 0;
		};
		026CF2B82D92BAAD003D1AD6 /* Resources */ = {
			isa = PBXResourcesBuildPhase;
			buildActionMask = 2147483647;
			files = (
			);
			runOnlyForDeploymentPostprocessing = 0;
		};
/* End PBXResourcesBuildPhase section */

/* Begin PBXSourcesBuildPhase section */
		026CF2932D92BAAA003D1AD6 /* Sources */ = {
			isa = PBXSourcesBuildPhase;
			buildActionMask = 2147483647;
			files = (
			);
			runOnlyForDeploymentPostprocessing = 0;
		};
		026CF2AC2D92BAAD003D1AD6 /* Sources */ = {
			isa = PBXSourcesBuildPhase;
			buildActionMask = 2147483647;
			files = (
			);
			runOnlyForDeploymentPostprocessing = 0;
		};
		026CF2B62D92BAAD003D1AD6 /* Sources */ = {
			isa = PBXSourcesBuildPhase;
			buildActionMask = 2147483647;
			files = (
			);
			runOnlyForDeploymentPostprocessing = 0;
		};
/* End PBXSourcesBuildPhase section */

/* Begin PBXTargetDependency section */
		026CF2B22D92BAAD003D1AD6 /* PBXTargetDependency */ = {
			isa = PBXTargetDependency;
			target = 026CF2962D92BAAA003D1AD6 /* MyTestApp */;
			targetProxy = 026CF2B12D92BAAD003D1AD6 /* PBXContainerItemProxy */;
		};
		026CF2BC2D92BAAD003D1AD6 /* PBXTargetDependency */ = {
			isa = PBXTargetDependency;
			target = 026CF2962D92BAAA003D1AD6 /* MyTestApp */;
			targetProxy = 026CF2BB2D92BAAD003D1AD6 /* PBXContainerItemProxy */;
		};
/* End PBXTargetDependency section */

/* Begin XCBuildConfiguration section */
		026CF2C42D92BAAD003D1AD6 /* Debug */ = {
			isa = XCBuildConfiguration;
			buildSettings = {
				ASSETCATALOG_COMPILER_APPICON_NAME = AppIcon;
				ASSETCATALOG_COMPILER_GLOBAL_ACCENT_COLOR_NAME = AccentColor;
				CODE_SIGN_STYLE = Automatic;
				CURRENT_PROJECT_VERSION = 1;
				GENERATE_INFOPLIST_FILE = YES;
				INFOPLIST_FILE = MyTestApp/Info.plist;
				INFOPLIST_KEY_UIApplicationSupportsIndirectInputEvents = YES;
				INFOPLIST_KEY_UILaunchStoryboardName = LaunchScreen;
				INFOPLIST_KEY_UIMainStoryboardFile = Main;
				INFOPLIST_KEY_UISupportedInterfaceOrientations_iPad = "UIInterfaceOrientationPortrait UIInterfaceOrientationPortraitUpsideDown UIInterfaceOrientationLandscapeLeft UIInterfaceOrientationLandscapeRight";
				INFOPLIST_KEY_UISupportedInterfaceOrientations_iPhone = "UIInterfaceOrientationPortrait UIInterfaceOrientationLandscapeLeft UIInterfaceOrientationLandscapeRight";
				LD_RUNPATH_SEARCH_PATHS = (
					"$(inherited)",
					"@executable_path/Frameworks",
				);
				MARKETING_VERSION = 1.0;
				PRODUCT_BUNDLE_IDENTIFIER = com.tarun.MyTestApp;
				PRODUCT_NAME = "$(TARGET_NAME)";
				SWIFT_EMIT_LOC_STRINGS = YES;
				SWIFT_VERSION = 5.0;
				TARGETED_DEVICE_FAMILY = "1,2";
			};
			name = Debug;
		};
		026CF2C52D92BAAD003D1AD6 /* Release */ = {
			isa = XCBuildConfiguration;
			buildSettings = {
				ASSETCATALOG_COMPILER_APPICON_NAME = AppIcon;
				ASSETCATALOG_COMPILER_GLOBAL_ACCENT_COLOR_NAME = AccentColor;
				CODE_SIGN_STYLE = Automatic;
				CURRENT_PROJECT_VERSION = 1;
				GENERATE_INFOPLIST_FILE = YES;
				INFOPLIST_FILE = MyTestApp/Info.plist;
				INFOPLIST_KEY_UIApplicationSupportsIndirectInputEvents = YES;
				INFOPLIST_KEY_UILaunchStoryboardName = LaunchScreen;
				INFOPLIST_KEY_UIMainStoryboardFile = Main;
				INFOPLIST_KEY_UISupportedInterfaceOrientations_iPad = "UIInterfaceOrientationPortrait UIInterfaceOrientationPortraitUpsideDown UIInterfaceOrientationLandscapeLeft UIInterfaceOrientationLandscapeRight";
				INFOPLIST_KEY_UISupportedInterfaceOrientations_iPhone = "UIInterfaceOrientationPortrait UIInterfaceOrientationLandscapeLeft UIInterfaceOrientationLandscapeRight";
				LD_RUNPATH_SEARCH_PATHS = (
					"$(inherited)",
					"@executable_path/Frameworks",
				);
				MARKETING_VERSION = 1.0;
				PRODUCT_BUNDLE_IDENTIFIER = com.tarun.MyTestApp;
				PRODUCT_NAME = "$(TARGET_NAME)";
				SWIFT_EMIT_LOC_STRINGS = YES;
				SWIFT_VERSION = 5.0;
				TARGETED_DEVICE_FAMILY = "1,2";
			};
			name = Release;
		};
		026CF2C62D92BAAD003D1AD6 /* Debug */ = {
			isa = XCBuildConfiguration;
			buildSettings = {
				ALWAYS_SEARCH_USER_PATHS = NO;
				ASSETCATALOG_COMPILER_GENERATE_SWIFT_ASSET_SYMBOL_EXTENSIONS = YES;
				CLANG_ANALYZER_NONNULL = YES;
				CLANG_ANALYZER_NUMBER_OBJECT_CONVERSION = YES_AGGRESSIVE;
				CLANG_CXX_LANGUAGE_STANDARD = "gnu++20";
				CLANG_ENABLE_MODULES = YES;
				CLANG_ENABLE_OBJC_ARC = YES;
				CLANG_ENABLE_OBJC_WEAK = YES;
				CLANG_WARN_BLOCK_CAPTURE_AUTORELEASING = YES;
				CLANG_WARN_BOOL_CONVERSION = YES;
				CLANG_WARN_COMMA = YES;
				CLANG_WARN_CONSTANT_CONVERSION = YES;
				CLANG_WARN_DEPRECATED_OBJC_IMPLEMENTATIONS = YES;
				CLANG_WARN_DIRECT_OBJC_ISA_USAGE = YES_ERROR;
				CLANG_WARN_DOCUMENTATION_COMMENTS = YES;
				CLANG_WARN_EMPTY_BODY = YES;
				CLANG_WARN_ENUM_CONVERSION = YES;
				CLANG_WARN_INFINITE_RECURSION = YES;
				CLANG_WARN_INT_CONVERSION = YES;
				CLANG_WARN_NON_LITERAL_NULL_CONVERSION = YES;
				CLANG_WARN_OBJC_IMPLICIT_RETAIN_SELF = YES;
				CLANG_WARN_OBJC_LITERAL_CONVERSION = YES;
				CLANG_WARN_OBJC_ROOT_CLASS = YES_ERROR;
				CLANG_WARN_QUOTED_INCLUDE_IN_FRAMEWORK_HEADER = YES;
				CLANG_WARN_RANGE_LOOP_ANALYSIS = YES;
				CLANG_WARN_STRICT_PROTOTYPES = YES;
				CLANG_WARN_SUSPICIOUS_MOVE = YES;
				CLANG_WARN_UNGUARDED_AVAILABILITY = YES_AGGRESSIVE;
				CLANG_WARN_UNREACHABLE_CODE = YES;
				CLANG_WARN__DUPLICATE_METHOD_MATCH = YES;
				COPY_PHASE_STRIP = NO;
				DEBUG_INFORMATION_FORMAT = dwarf;
				ENABLE_STRICT_OBJC_MSGSEND = YES;
				ENABLE_TESTABILITY = YES;
				ENABLE_USER_SCRIPT_SANDBOXING = YES;
				GCC_C_LANGUAGE_STANDARD = gnu17;
				GCC_DYNAMIC_NO_PIC = NO;
				GCC_NO_COMMON_BLOCKS = YES;
				GCC_OPTIMIZATION_LEVEL = 0;
				GCC_PREPROCESSOR_DEFINITIONS = (
					"DEBUG=1",
					"$(inherited)",
				);
				GCC_WARN_64_TO_32_BIT_CONVERSION = YES;
				GCC_WARN_ABOUT_RETURN_TYPE = YES_ERROR;
				GCC_WARN_UNDECLARED_SELECTOR = YES;
				GCC_WARN_UNINITIALIZED_AUTOS = YES_AGGRESSIVE;
				GCC_WARN_UNUSED_FUNCTION = YES;
				GCC_WARN_UNUSED_VARIABLE = YES;
				IPHONEOS_DEPLOYMENT_TARGET = 18.2;
				LOCALIZATION_PREFERS_STRING_CATALOGS = YES;
				MTL_ENABLE_DEBUG_INFO = INCLUDE_SOURCE;
				MTL_FAST_MATH = YES;
				ONLY_ACTIVE_ARCH = YES;
				SDKROOT = iphoneos;
				SWIFT_ACTIVE_COMPILATION_CONDITIONS = "DEBUG $(inherited)";
				SWIFT_OPTIMIZATION_LEVEL = "-Onone";
			};
			name = Debug;
		};
		026CF2C72D92BAAD003D1AD6 /* Release */ = {
			isa = XCBuildConfiguration;
			buildSettings = {
				ALWAYS_SEARCH_USER_PATHS = NO;
				ASSETCATALOG_COMPILER_GENERATE_SWIFT_ASSET_SYMBOL_EXTENSIONS = YES;
				CLANG_ANALYZER_NONNULL = YES;
				CLANG_ANALYZER_NUMBER_OBJECT_CONVERSION = YES_AGGRESSIVE;
				CLANG_CXX_LANGUAGE_STANDARD = "gnu++20";
				CLANG_ENABLE_MODULES = YES;
				CLANG_ENABLE_OBJC_ARC = YES;
				CLANG_ENABLE_OBJC_WEAK = YES;
				CLANG_WARN_BLOCK_CAPTURE_AUTORELEASING = YES;
				CLANG_WARN_BOOL_CONVERSION = YES;
				CLANG_WARN_COMMA = YES;
				CLANG_WARN_CONSTANT_CONVERSION = YES;
				CLANG_WARN_DEPRECATED_OBJC_IMPLEMENTATIONS = YES;
				CLANG_WARN_DIRECT_OBJC_ISA_USAGE = YES_ERROR;
				CLANG_WARN_DOCUMENTATION_COMMENTS = YES;
				CLANG_WARN_EMPTY_BODY = YES;
				CLANG_WARN_ENUM_CONVERSION = YES;
				CLANG_WARN_INFINITE_RECURSION = YES;
				CLANG_WARN_INT_CONVERSION = YES;
				CLANG_WARN_NON_LITERAL_NULL_CONVERSION = YES;
				CLANG_WARN_OBJC_IMPLICIT_RETAIN_SELF = YES;
				CLANG_WARN_OBJC_LITERAL_CONVERSION = YES;
				CLANG_WARN_OBJC_ROOT_CLASS = YES_ERROR;
				CLANG_WARN_QUOTED_INCLUDE_IN_FRAMEWORK_HEADER = YES;
				CLANG_WARN_RANGE_LOOP_ANALYSIS = YES;
				CLANG_WARN_STRICT_PROTOTYPES = YES;
				CLANG_WARN_SUSPICIOUS_MOVE = YES;
				CLANG_WARN_UNGUARDED_AVAILABILITY = YES_AGGRESSIVE;
				CLANG_WARN_UNREACHABLE_CODE = YES;
				CLANG_WARN__DUPLICATE_METHOD_MATCH = YES;
				COPY_PHASE_STRIP = NO;
				DEBUG_INFORMATION_FORMAT = "dwarf-with-dsym";
				ENABLE_NS_ASSERTIONS = NO;
				ENABLE_STRICT_OBJC_MSGSEND = YES;
				ENABLE_USER_SCRIPT_SANDBOXING = YES;
				GCC_C_LANGUAGE_STANDARD = gnu17;
				GCC_NO_COMMON_BLOCKS = YES;
				GCC_WARN_64_TO_32_BIT_CONVERSION = YES;
				GCC_WARN_ABOUT_RETURN_TYPE = YES_ERROR;
				GCC_WARN_UNDECLARED_SELECTOR = YES;
				GCC_WARN_UNINITIALIZED_AUTOS = YES_AGGRESSIVE;
				GCC_WARN_UNUSED_FUNCTION = YES;
				GCC_WARN_UNUSED_VARIABLE = YES;
				IPHONEOS_DEPLOYMENT_TARGET = 18.2;
				LOCALIZATION_PREFERS_STRING_CATALOGS = YES;
				MTL_ENABLE_DEBUG_INFO = NO;
				MTL_FAST_MATH = YES;
				SDKROOT = iphoneos;
				SWIFT_COMPILATION_MODE = wholemodule;
				VALIDATE_PRODUCT = YES;
			};
			name = Release;
		};
		026CF2C92D92BAAD003D1AD6 /* Debug */ = {
			isa = XCBuildConfiguration;
			buildSettings = {
				BUNDLE_LOADER = "$(TEST_HOST)";
				CODE_SIGN_STYLE = Automatic;
				CURRENT_PROJECT_VERSION = 1;
				GENERATE_INFOPLIST_FILE = YES;
				IPHONEOS_DEPLOYMENT_TARGET = 18.2;
				MARKETING_VERSION = 1.0;
				PRODUCT_BUNDLE_IDENTIFIER = com.tarun.MyTestAppTests;
				PRODUCT_NAME = "$(TARGET_NAME)";
				SWIFT_EMIT_LOC_STRINGS = NO;
				SWIFT_VERSION = 5.0;
				TARGETED_DEVICE_FAMILY = "1,2";
				TEST_HOST = "$(BUILT_PRODUCTS_DIR)/MyTestApp.app/$(BUNDLE_EXECUTABLE_FOLDER_PATH)/MyTestApp";
			};
			name = Debug;
		};
		026CF2CA2D92BAAD003D1AD6 /* Release */ = {
			isa = XCBuildConfiguration;
			buildSettings = {
				BUNDLE_LOADER = "$(TEST_HOST)";
				CODE_SIGN_STYLE = Automatic;
				CURRENT_PROJECT_VERSION = 1;
				GENERATE_INFOPLIST_FILE = YES;
				IPHONEOS_DEPLOYMENT_TARGET = 18.2;
				MARKETING_VERSION = 1.0;
				PRODUCT_BUNDLE_IDENTIFIER = com.tarun.MyTestAppTests;
				PRODUCT_NAME = "$(TARGET_NAME)";
				SWIFT_EMIT_LOC_STRINGS = NO;
				SWIFT_VERSION = 5.0;
				TARGETED_DEVICE_FAMILY = "1,2";
				TEST_HOST = "$(BUILT_PRODUCTS_DIR)/MyTestApp.app/$(BUNDLE_EXECUTABLE_FOLDER_PATH)/MyTestApp";
			};
			name = Release;
		};
		026CF2CC2D92BAAD003D1AD6 /* Debug */ = {
			isa = XCBuildConfiguration;
			buildSettings = {
				CODE_SIGN_STYLE = Automatic;
				CURRENT_PROJECT_VERSION = 1;
				GENERATE_INFOPLIST_FILE = YES;
				MARKETING_VERSION = 1.0;
				PRODUCT_BUNDLE_IDENTIFIER = com.tarun.MyTestAppUITests;
				PRODUCT_NAME = "$(TARGET_NAME)";
				SWIFT_EMIT_LOC_STRINGS = NO;
				SWIFT_VERSION = 5.0;
				TARGETED_DEVICE_FAMILY = "1,2";
				TEST_TARGET_NAME = MyTestApp;
			};
			name = Debug;
		};
		026CF2CD2D92BAAD003D1AD6 /* Release */ = {
			isa = XCBuildConfiguration;
			buildSettings = {
				CODE_SIGN_STYLE = Automatic;
				CURRENT_PROJECT_VERSION = 1;
				GENERATE_INFOPLIST_FILE = YES;
				MARKETING_VERSION = 1.0;
				PRODUCT_BUNDLE_IDENTIFIER = com.tarun.MyTestAppUITests;
				PRODUCT_NAME = "$(TARGET_NAME)";
				SWIFT_EMIT_LOC_STRINGS = NO;
				SWIFT_VERSION = 5.0;
				TARGETED_DEVICE_FAMILY = "1,2";
				TEST_TARGET_NAME = MyTestApp;
			};
			name = Release;
		};
/* End XCBuildConfiguration section */

/* Begin XCConfigurationList section */
		026CF2922D92BAAA003D1AD6 /* Build configuration list for PBXProject "MyTestApp" */ = {
			isa = XCConfigurationList;
			buildConfigurations = (
				026CF2C62D92BAAD003D1AD6 /* Debug */,
				026CF2C72D92BAAD003D1AD6 /* Release */,
			);
			defaultConfigurationIsVisible = 0;
			defaultConfigurationName = Release;
		};
		026CF2C32D92BAAD003D1AD6 /* Build configuration list for PBXNativeTarget "MyTestApp" */ = {
			isa = XCConfigurationList;
			buildConfigurations = (
				026CF2C42D92BAAD003D1AD6 /* Debug */,
				026CF2C52D92BAAD003D1AD6 /* Release */,
			);
			defaultConfigurationIsVisible = 0;
			defaultConfigurationName = Release;
		};
		026CF2C82D92BAAD003D1AD6 /* Build configuration list for PBXNativeTarget "MyTestAppTests" */ = {
			isa = XCConfigurationList;
			buildConfigurations = (
				026CF2C92D92BAAD003D1AD6 /* Debug */,
				026CF2CA2D92BAAD003D1AD6 /* Release */,
			);
			defaultConfigurationIsVisible = 0;
			defaultConfigurationName = Release;
		};
		026CF2CB2D92BAAD003D1AD6 /* Build configuration list for PBXNativeTarget "MyTestAppUITests" */ = {
			isa = XCConfigurationList;
			buildConfigurations = (
				026CF2CC2D92BAAD003D1AD6 /* Debug */,
				026CF2CD2D92BAAD003D1AD6 /* Release */,
			);
			defaultConfigurationIsVisible = 0;
			defaultConfigurationName = Release;
		};
/* End XCConfigurationList section */
	};
	rootObject = 026CF28F2D92BAAA003D1AD6 /* Project object */;
}
